
Microsoft Visual Studio Solution File, Format Version 12.00
# Visual Studio Version 16
VisualStudioVersion = 16.0.30104.148
MinimumVisualStudioVersion = 10.0.40219.1
Project("{FAE04EC0-301F-11D3-BF4B-00C04F79EFBC}") = "C-sharp-in-Depth", "C-sharp-in-Depth.csproj", "{601CDF6A-45EE-4509-A72B-670443DD14DE}"
EndProject
Global
	GlobalSection(SolutionConfigurationPlatforms) = preSolution
		Debug|Any CPU = Debug|Any CPU
		Release|Any CPU = Release|Any CPU
	EndGlobalSection
	GlobalSection(ProjectConfigurationPlatforms) = postSolution
		{601CDF6A-45EE-4509-A72B-670443DD14DE}.Debug|Any CPU.ActiveCfg = Debug|Any CPU
		{601CDF6A-45EE-4509-A72B-670443DD14DE}.Debug|Any CPU.Build.0 = Debug|Any CPU
		{601CDF6A-45EE-4509-A72B-670443DD14DE}.Release|Any CPU.ActiveCfg = Release|Any CPU
		{601CDF6A-45EE-4509-A72B-670443DD14DE}.Release|Any CPU.Build.0 = Release|Any CPU
	EndGlobalSection
	GlobalSection(SolutionProperties) = preSolution
		HideSolutionNode = FALSE
	EndGlobalSection
	GlobalSection(ExtensibilityGlobals) = postSolution
		SolutionGuid = {610A74B0-4C09-47DE-B327-218D1A3C97E8}
	EndGlobalSection
EndGlobal
